
Microsoft Visual Studio Solution File, Format Version 12.00
# Visual Studio Version 17
VisualStudioVersion = 17.11.35303.130
MinimumVisualStudioVersion = 10.0.40219.1
Project("{2150E333-8FDC-42A3-9474-1A3956D46DE8}") = "Task0", "Task0", "{D7B4B1DB-4CC4-468B-82DB-6D547C587B7A}"
EndProject
Project("{9A19103F-16F7-4668-BE54-9A1E7A4F7556}") = "Tyuiu.TimoninIA.Sprint2.Task0.V14", "Tyuiu.TimoninIA.Sprint2.Task0.V14\Tyuiu.TimoninIA.Sprint2.Task0.V14.csproj", "{DC988119-79CC-4E4F-96F6-1FB48B773189}"
EndProject
Project("{9A19103F-16F7-4668-BE54-9A1E7A4F7556}") = "Tyuiu.TimoninIA.Sprint2.Task0.V14.Lib", "Tyuiu.TimoninIA.Sprint2.Task0.V14.Lib\Tyuiu.TimoninIA.Sprint2.Task0.V14.Lib.csproj", "{CBEB9B61-42CB-493C-917F-CEC04A74E239}"
EndProject
Project("{9A19103F-16F7-4668-BE54-9A1E7A4F7556}") = "Tyuiu.TimoninIA.Sprint2.Task0.V14.Test", "Tyuiu.TimoninIA.Sprint2.Task0.V14.Test\Tyuiu.TimoninIA.Sprint2.Task0.V14.Test.csproj", "{03D63DCC-142E-47C2-A9AC-5B2027F59BA8}"
EndProject
Project("{2150E333-8FDC-42A3-9474-1A3956D46DE8}") = "Task1", "Task1", "{196F7847-DE3A-49F6-86C4-6CF64587E08D}"
EndProject
Project("{9A19103F-16F7-4668-BE54-9A1E7A4F7556}") = "Tyuiu.TimoninIA.Sprint2.Task1.V5", "Tyuiu.TimoninIA.Sprint2.Task1.V5\Tyuiu.TimoninIA.Sprint2.Task1.V5.csproj", "{4D78D8CC-5F5D-4CAB-8221-D22CA1B4DC51}"
EndProject
Project("{9A19103F-16F7-4668-BE54-9A1E7A4F7556}") = "Tyuiu.TimoninIA.Sprint2.Task1.V5.Lib", "Tyuiu.TimoninIA.Sprint2.Task1.V5.Lib\Tyuiu.TimoninIA.Sprint2.Task1.V5.Lib.csproj", "{CAB029D5-13F7-4E40-B2A1-7FDB714D36F3}"
EndProject
Project("{9A19103F-16F7-4668-BE54-9A1E7A4F7556}") = "Tyuiu.TimoninIA.Sprint2.Task1.V5.Test", "Tyuiu.TimoninIA.Sprint2.Task1.V5.Test\Tyuiu.TimoninIA.Sprint2.Task1.V5.Test.csproj", "{15922BFA-6D58-455C-937A-3DDBD1C500AA}"
EndProject
Project("{2150E333-8FDC-42A3-9474-1A3956D46DE8}") = "Task2", "Task2", "{2330851D-1553-4EB9-8F96-B976A794443A}"
EndProject
Project("{9A19103F-16F7-4668-BE54-9A1E7A4F7556}") = "Tyuiu.TimoninIA.Sprint2.Task2.V19", "Tyuiu.TimoninIA.Sprint2.Task2.V19\Tyuiu.TimoninIA.Sprint2.Task2.V19.csproj", "{0AE28755-D208-443E-B008-0F3C73DB5BCF}"
EndProject
Project("{9A19103F-16F7-4668-BE54-9A1E7A4F7556}") = "Tyuiu.TimoninIA.Sprint2.Task2.V19.Lib", "Tyuiu.TimoninIA.Sprint2.Task2.V19.Lib\Tyuiu.TimoninIA.Sprint2.Task2.V19.Lib.csproj", "{B5FEDE72-B4F7-4057-B88C-D90442F285DE}"
EndProject
Project("{9A19103F-16F7-4668-BE54-9A1E7A4F7556}") = "Tyuiu.TimoninIA.Sprint2.Task2.V19.Test", "Tyuiu.TimoninIA.Sprint2.Task2.V19.Test\Tyuiu.TimoninIA.Sprint2.Task2.V19.Test.csproj", "{4E6B2857-856C-44EE-BF97-6A9219FDFB20}"
EndProject
Project("{2150E333-8FDC-42A3-9474-1A3956D46DE8}") = "Task3", "Task3", "{DDAC74AD-0E6C-4A16-820F-7509C0165A49}"
EndProject
Project("{FAE04EC0-301F-11D3-BF4B-00C04F79EFBC}") = "Tyuiu.TimoninIA.Sprint2.Task3.V22", "Tyuiu.TimoninIA.Sprint2.Task3.V22\Tyuiu.TimoninIA.Sprint2.Task3.V22.csproj", "{C3CEA37A-5A1B-4000-BA4D-55183C02D457}"
EndProject
Project("{FAE04EC0-301F-11D3-BF4B-00C04F79EFBC}") = "Tyuiu.TimoninIA.Sprint2.Task3.V22.Lib", "Tyuiu.TimoninIA.Sprint2.Task3.V22.Lib\Tyuiu.TimoninIA.Sprint2.Task3.V22.Lib.csproj", "{E9497EA4-23B0-485F-8863-5B7BB8BED5C8}"
EndProject
Project("{FAE04EC0-301F-11D3-BF4B-00C04F79EFBC}") = "Tyuiu.TimoninIA.Sprint2.Task3.V22.Test", "Tyuiu.TimoninIA.Sprint2.Task3.V22.Test\Tyuiu.TimoninIA.Sprint2.Task3.V22.Test.csproj", "{74C48AFD-E7E8-4CF0-9C11-F662B2368FD5}"
EndProject
Global
	GlobalSection(SolutionConfigurationPlatforms) = preSolution
		Debug|Any CPU = Debug|Any CPU
		Release|Any CPU = Release|Any CPU
	EndGlobalSection
	GlobalSection(ProjectConfigurationPlatforms) = postSolution
		{DC988119-79CC-4E4F-96F6-1FB48B773189}.Debug|Any CPU.ActiveCfg = Debug|Any CPU
		{DC988119-79CC-4E4F-96F6-1FB48B773189}.Debug|Any CPU.Build.0 = Debug|Any CPU
		{DC988119-79CC-4E4F-96F6-1FB48B773189}.Release|Any CPU.ActiveCfg = Release|Any CPU
		{DC988119-79CC-4E4F-96F6-1FB48B773189}.Release|Any CPU.Build.0 = Release|Any CPU
		{CBEB9B61-42CB-493C-917F-CEC04A74E239}.Debug|Any CPU.ActiveCfg = Debug|Any CPU
		{CBEB9B61-42CB-493C-917F-CEC04A74E239}.Debug|Any CPU.Build.0 = Debug|Any CPU
		{CBEB9B61-42CB-493C-917F-CEC04A74E239}.Release|Any CPU.ActiveCfg = Release|Any CPU
		{CBEB9B61-42CB-493C-917F-CEC04A74E239}.Release|Any CPU.Build.0 = Release|Any CPU
		{03D63DCC-142E-47C2-A9AC-5B2027F59BA8}.Debug|Any CPU.ActiveCfg = Debug|Any CPU
		{03D63DCC-142E-47C2-A9AC-5B2027F59BA8}.Debug|Any CPU.Build.0 = Debug|Any CPU
		{03D63DCC-142E-47C2-A9AC-5B2027F59BA8}.Release|Any CPU.ActiveCfg = Release|Any CPU
		{03D63DCC-142E-47C2-A9AC-5B2027F59BA8}.Release|Any CPU.Build.0 = Release|Any CPU
		{4D78D8CC-5F5D-4CAB-8221-D22CA1B4DC51}.Debug|Any CPU.ActiveCfg = Debug|Any CPU
		{4D78D8CC-5F5D-4CAB-8221-D22CA1B4DC51}.Debug|Any CPU.Build.0 = Debug|Any CPU
		{4D78D8CC-5F5D-4CAB-8221-D22CA1B4DC51}.Release|Any CPU.ActiveCfg = Release|Any CPU
		{4D78D8CC-5F5D-4CAB-8221-D22CA1B4DC51}.Release|Any CPU.Build.0 = Release|Any CPU
		{CAB029D5-13F7-4E40-B2A1-7FDB714D36F3}.Debug|Any CPU.ActiveCfg = Debug|Any CPU
		{CAB029D5-13F7-4E40-B2A1-7FDB714D36F3}.Debug|Any CPU.Build.0 = Debug|Any CPU
		{CAB029D5-13F7-4E40-B2A1-7FDB714D36F3}.Release|Any CPU.ActiveCfg = Release|Any CPU
		{CAB029D5-13F7-4E40-B2A1-7FDB714D36F3}.Release|Any CPU.Build.0 = Release|Any CPU
		{15922BFA-6D58-455C-937A-3DDBD1C500AA}.Debug|Any CPU.ActiveCfg = Debug|Any CPU
		{15922BFA-6D58-455C-937A-3DDBD1C500AA}.Debug|Any CPU.Build.0 = Debug|Any CPU
		{15922BFA-6D58-455C-937A-3DDBD1C500AA}.Release|Any CPU.ActiveCfg = Release|Any CPU
		{15922BFA-6D58-455C-937A-3DDBD1C500AA}.Release|Any CPU.Build.0 = Release|Any CPU
		{0AE28755-D208-443E-B008-0F3C73DB5BCF}.Debug|Any CPU.ActiveCfg = Debug|Any CPU
		{0AE28755-D208-443E-B008-0F3C73DB5BCF}.Debug|Any CPU.Build.0 = Debug|Any CPU
		{0AE28755-D208-443E-B008-0F3C73DB5BCF}.Release|Any CPU.ActiveCfg = Release|Any CPU
		{0AE28755-D208-443E-B008-0F3C73DB5BCF}.Release|Any CPU.Build.0 = Release|Any CPU
		{B5FEDE72-B4F7-4057-B88C-D90442F285DE}.Debug|Any CPU.ActiveCfg = Debug|Any CPU
		{B5FEDE72-B4F7-4057-B88C-D90442F285DE}.Debug|Any CPU.Build.0 = Debug|Any CPU
		{B5FEDE72-B4F7-4057-B88C-D90442F285DE}.Release|Any CPU.ActiveCfg = Release|Any CPU
		{B5FEDE72-B4F7-4057-B88C-D90442F285DE}.Release|Any CPU.Build.0 = Release|Any CPU
		{4E6B2857-856C-44EE-BF97-6A9219FDFB20}.Debug|Any CPU.ActiveCfg = Debug|Any CPU
		{4E6B2857-856C-44EE-BF97-6A9219FDFB20}.Debug|Any CPU.Build.0 = Debug|Any CPU
		{4E6B2857-856C-44EE-BF97-6A9219FDFB20}.Release|Any CPU.ActiveCfg = Release|Any CPU
		{4E6B2857-856C-44EE-BF97-6A9219FDFB20}.Release|Any CPU.Build.0 = Release|Any CPU
		{C3CEA37A-5A1B-4000-BA4D-55183C02D457}.Debug|Any CPU.ActiveCfg = Debug|Any CPU
		{C3CEA37A-5A1B-4000-BA4D-55183C02D457}.Debug|Any CPU.Build.0 = Debug|Any CPU
		{C3CEA37A-5A1B-4000-BA4D-55183C02D457}.Release|Any CPU.ActiveCfg = Release|Any CPU
		{C3CEA37A-5A1B-4000-BA4D-55183C02D457}.Release|Any CPU.Build.0 = Release|Any CPU
		{E9497EA4-23B0-485F-8863-5B7BB8BED5C8}.Debug|Any CPU.ActiveCfg = Debug|Any CPU
		{E9497EA4-23B0-485F-8863-5B7BB8BED5C8}.Debug|Any CPU.Build.0 = Debug|Any CPU
		{E9497EA4-23B0-485F-8863-5B7BB8BED5C8}.Release|Any CPU.ActiveCfg = Release|Any CPU
		{E9497EA4-23B0-485F-8863-5B7BB8BED5C8}.Release|Any CPU.Build.0 = Release|Any CPU
		{74C48AFD-E7E8-4CF0-9C11-F662B2368FD5}.Debug|Any CPU.ActiveCfg = Debug|Any CPU
		{74C48AFD-E7E8-4CF0-9C11-F662B2368FD5}.Debug|Any CPU.Build.0 = Debug|Any CPU
		{74C48AFD-E7E8-4CF0-9C11-F662B2368FD5}.Release|Any CPU.ActiveCfg = Release|Any CPU
		{74C48AFD-E7E8-4CF0-9C11-F662B2368FD5}.Release|Any CPU.Build.0 = Release|Any CPU
	EndGlobalSection
	GlobalSection(SolutionProperties) = preSolution
		HideSolutionNode = FALSE
	EndGlobalSection
	GlobalSection(NestedProjects) = preSolution
		{DC988119-79CC-4E4F-96F6-1FB48B773189} = {D7B4B1DB-4CC4-468B-82DB-6D547C587B7A}
		{CBEB9B61-42CB-493C-917F-CEC04A74E239} = {D7B4B1DB-4CC4-468B-82DB-6D547C587B7A}
		{03D63DCC-142E-47C2-A9AC-5B2027F59BA8} = {D7B4B1DB-4CC4-468B-82DB-6D547C587B7A}
		{4D78D8CC-5F5D-4CAB-8221-D22CA1B4DC51} = {196F7847-DE3A-49F6-86C4-6CF64587E08D}
		{CAB029D5-13F7-4E40-B2A1-7FDB714D36F3} = {196F7847-DE3A-49F6-86C4-6CF64587E08D}
		{15922BFA-6D58-455C-937A-3DDBD1C500AA} = {196F7847-DE3A-49F6-86C4-6CF64587E08D}
		{0AE28755-D208-443E-B008-0F3C73DB5BCF} = {2330851D-1553-4EB9-8F96-B976A794443A}
		{B5FEDE72-B4F7-4057-B88C-D90442F285DE} = {2330851D-1553-4EB9-8F96-B976A794443A}
		{4E6B2857-856C-44EE-BF97-6A9219FDFB20} = {2330851D-1553-4EB9-8F96-B976A794443A}
		{C3CEA37A-5A1B-4000-BA4D-55183C02D457} = {DDAC74AD-0E6C-4A16-820F-7509C0165A49}
		{E9497EA4-23B0-485F-8863-5B7BB8BED5C8} = {DDAC74AD-0E6C-4A16-820F-7509C0165A49}
		{74C48AFD-E7E8-4CF0-9C11-F662B2368FD5} = {DDAC74AD-0E6C-4A16-820F-7509C0165A49}
	EndGlobalSection
	GlobalSection(ExtensibilityGlobals) = postSolution
		SolutionGuid = {3E8C1EC7-D4D5-4D70-BDAB-9DC4E9EDDDA9}
	EndGlobalSection
EndGlobal
